<?xml version="1.0" encoding="utf-8"?>
<Project ToolsVersion="4.0" xmlns="http://schemas.microsoft.com/developer/msbuild/2003">
  <ItemGroup>
    <Filter Include="resources">
      <UniqueIdentifier>{67DA6AB6-F800-4c08-8B7A-83BB121AAD01}</UniqueIdentifier>
      <Extensions>rc;ico;cur;bmp;dlg;rc2;rct;bin;rgs;gif;jpg;jpeg;jpe;resx;tiff;tif;png;wav;mfcribbon-ms</Extensions>
    </Filter>
    <Filter Include="headers">
      <UniqueIdentifier>{93995380-89BD-4b04-88EB-625FBE52EBFB}</UniqueIdentifier>
      <Extensions>h;hpp;hxx;hm;inl;inc;xsd</Extensions>
    </Filter>
    <Filter Include="sources">
      <UniqueIdentifier>{4FC737F1-C7A5-4376-A066-2A32D752A2FF}</UniqueIdentifier>
      <Extensions>cpp;c;cc;cxx;def;odl;idl;hpj;bat;asm;asmx</Extensions>
    </Filter>
  </ItemGroup>
  <ItemGroup>
    <None Include="..\icon.ico">
      <Filter>resources</Filter>
    </None>
    <None Include="..\installer.wxs">
      <Filter>resources</Filter>
    </None>
  </ItemGroup>
  <ItemGroup>
    <ResourceCompile Include="..\resources.rc">
      <Filter>resources</Filter>
    </ResourceCompile>
  </ItemGroup>
  <ItemGroup>
    <ClCompile Include="..\capture.cpp">
      <Filter>sources</Filter>
    </ClCompile>
    <ClCompile Include="..\gl_context.cpp">
      <Filter>sources</Filter>
    </ClCompile>
    <ClCompile Include="..\native_stuff.cpp">
      <Filter>sources</Filter>
    </ClCompile>
    <ClCompile Include="..\native_window.cpp">
      <Filter>sources</Filter>
    </ClCompile>
    <ClCompile Include="..\..\app_window.cpp">
      <Filter>sources</Filter>
    </ClCompile>
    <ClCompile Include="..\..\application.cpp">
      <Filter>sources</Filter>
    </ClCompile>
    <ClCompile Include="..\..\base_window.cpp">
      <Filter>sources</Filter>
    </ClCompile>
    <ClCompile Include="..\..\blas.cpp">
      <Filter>sources</Filter>
    </ClCompile>
    <ClCompile Include="..\..\gl_renderer.cpp">
      <Filter>sources</Filter>
    </ClCompile>
    <ClCompile Include="..\..\gpu_program.cpp">
      <Filter>sources</Filter>
    </ClCompile>
    <ClCompile Include="..\..\main.cpp">
      <Filter>sources</Filter>
    </ClCompile>
    <ClCompile Include="..\..\matrix.cpp">
      <Filter>sources</Filter>
    </ClCompile>
    <ClCompile Include="..\..\options.cpp">
      <Filter>sources</Filter>
    </ClCompile>
    <ClCompile Include="..\..\scene.cpp">
      <Filter>sources</Filter>
    </ClCompile>
    <ClCompile Include="..\..\stuff.cpp">
      <Filter>sources</Filter>
    </ClCompile>
    <ClCompile Include="..\..\texture_array.cpp">
      <Filter>sources</Filter>
    </ClCompile>
    <ClCompile Include="..\..\texture_atlas.cpp">
      <Filter>sources</Filter>
    </ClCompile>
    <ClCompile Include="..\..\video_buffer.cpp">
      <Filter>sources</Filter>
    </ClCompile>
    <ClCompile Include="..\..\base_capture.cpp">
      <Filter>sources</Filter>
    </ClCompile>
    <ClCompile Include="..\..\transform.cpp">
      <Filter>sources</Filter>
    </ClCompile>
  </ItemGroup>
  <ItemGroup>
    <ClInclude Include="..\capture.h">
      <Filter>headers</Filter>
    </ClInclude>
    <ClInclude Include="..\gl_context.h">
      <Filter>headers</Filter>
    </ClInclude>
    <ClInclude Include="..\native_stuff.h">
      <Filter>headers</Filter>
    </ClInclude>
    <ClInclude Include="..\native_window.h">
      <Filter>headers</Filter>
    </ClInclude>
    <ClInclude Include="..\resource.h">
      <Filter>headers</Filter>
    </ClInclude>
    <ClInclude Include="..\..\app_window.h">
      <Filter>headers</Filter>
    </ClInclude>
    <ClInclude Include="..\..\application.h">
      <Filter>headers</Filter>
    </ClInclude>
    <ClInclude Include="..\..\base_capture.h">
      <Filter>headers</Filter>
    </ClInclude>
    <ClInclude Include="..\..\base_window.h">
      <Filter>headers</Filter>
    </ClInclude>
    <ClInclude Include="..\..\bitmap.h">
      <Filter>headers</Filter>
    </ClInclude>
    <ClInclude Include="..\..\blas.h">
      <Filter>headers</Filter>
    </ClInclude>
    <ClInclude Include="..\..\gl_renderer.h">
      <Filter>headers</Filter>
    </ClInclude>
    <ClInclude Include="..\..\gpu_program.h">
      <Filter>headers</Filter>
    </ClInclude>
    <ClInclude Include="..\..\matrix.h">
      <Filter>headers</Filter>
    </ClInclude>
    <ClInclude Include="..\..\matrix_img.h">
      <Filter>headers</Filter>
    </ClInclude>
    <ClInclude Include="..\..\options.h">
      <Filter>headers</Filter>
    </ClInclude>
    <ClInclude Include="..\..\scene.h">
      <Filter>headers</Filter>
    </ClInclude>
    <ClInclude Include="..\..\stuff.h">
      <Filter>headers</Filter>
    </ClInclude>
    <ClInclude Include="..\..\texture_array.h">
      <Filter>headers</Filter>
    </ClInclude>
    <ClInclude Include="..\..\texture_atlas.h">
      <Filter>headers</Filter>
    </ClInclude>
    <ClInclude Include="..\..\video_buffer.h">
      <Filter>headers</Filter>
    </ClInclude>
    <ClInclude Include="..\..\buffer_object.h">
      <Filter>headers</Filter>
    </ClInclude>
    <ClInclude Include="..\..\transform.h">
      <Filter>headers</Filter>
    </ClInclude>
    <ClInclude Include="..\..\vao.h">
      <Filter>headers</Filter>
    </ClInclude>
    <ClInclude Include="..\..\vertex_data.h">
      <Filter>headers</Filter>
    </ClInclude>
  </ItemGroup>
</Project>